// !$*UTF8*$!
{
	archiveVersion = 1;
	classes = {
	};
	objectVersion = 46;
	objects = {

/* Begin PBXBuildFile section */
		612AFAE31E9342AC004BC47E /* beetle.png in Resources */ = {isa = PBXBuildFile; fileRef = 612AFAE21E9342AC004BC47E /* beetle.png */; };
		612AFB191E94EDBA004BC47E /* 22222.jpg in Resources */ = {isa = PBXBuildFile; fileRef = 612AFB181E94EDBA004BC47E /* 22222.jpg */; };
		613E7B7E1E8A3A0900643049 /* main.m in Sources */ = {isa = PBXBuildFile; fileRef = 613E7B7D1E8A3A0900643049 /* main.m */; };
		613E7B811E8A3A0900643049 /* AppDelegate.m in Sources */ = {isa = PBXBuildFile; fileRef = 613E7B801E8A3A0900643049 /* AppDelegate.m */; };
		613E7B841E8A3A0900643049 /* ViewController.m in Sources */ = {isa = PBXBuildFile; fileRef = 613E7B831E8A3A0900643049 /* ViewController.m */; };
		613E7B871E8A3A0900643049 /* Main.storyboard in Resources */ = {isa = PBXBuildFile; fileRef = 613E7B851E8A3A0900643049 /* Main.storyboard */; };
		613E7B891E8A3A0900643049 /* Assets.xcassets in Resources */ = {isa = PBXBuildFile; fileRef = 613E7B881E8A3A0900643049 /* Assets.xcassets */; };
		613E7B8C1E8A3A0900643049 /* LaunchScreen.storyboard in Resources */ = {isa = PBXBuildFile; fileRef = 613E7B8A1E8A3A0900643049 /* LaunchScreen.storyboard */; };
		613E7B951E8A3A2900643049 /* WH_GLView.m in Sources */ = {isa = PBXBuildFile; fileRef = 613E7B941E8A3A2900643049 /* WH_GLView.m */; };
		613E7B971E8A3A5500643049 /* ver.glsl in Resources */ = {isa = PBXBuildFile; fileRef = 613E7B961E8A3A5500643049 /* ver.glsl */; };
		613E7B991E8A3A6100643049 /* frag.glsl in Resources */ = {isa = PBXBuildFile; fileRef = 613E7B981E8A3A6100643049 /* frag.glsl */; };
		613E7BB91E8A5F7B00643049 /* GLESMath.c in Sources */ = {isa = PBXBuildFile; fileRef = 613E7BB31E8A5F7B00643049 /* GLESMath.c */; };
		613E7BBA1E8A5F7B00643049 /* GLESUtils.m in Sources */ = {isa = PBXBuildFile; fileRef = 613E7BB61E8A5F7B00643049 /* GLESUtils.m */; };
		613E7BBC1E8A5FB600643049 /* 222 2.jpg in Resources */ = {isa = PBXBuildFile; fileRef = 613E7BBB1E8A5FB600643049 /* 222 2.jpg */; };
		613E7BBE1E8A5FC000643049 /* 11111.jpg in Resources */ = {isa = PBXBuildFile; fileRef = 613E7BBD1E8A5FC000643049 /* 11111.jpg */; };
/* End PBXBuildFile section */

/* Begin PBXFileReference section */
		612AFAE21E9342AC004BC47E /* beetle.png */ = {isa = PBXFileReference; lastKnownFileType = image.png; path = beetle.png; sourceTree = "<group>"; };
		612AFB181E94EDBA004BC47E /* 22222.jpg */ = {isa = PBXFileReference; lastKnownFileType = image.jpeg; path = 22222.jpg; sourceTree = "<group>"; };
		613E7B791E8A3A0900643049 /* 4-Demo变换.app */ = {isa = PBXFileReference; explicitFileType = wrapper.application; includeInIndex = 0; path = "4-Demo变换.app"; sourceTree = BUILT_PRODUCTS_DIR; };
		613E7B7D1E8A3A0900643049 /* main.m */ = {isa = PBXFileReference; lastKnownFileType = sourcecode.c.objc; path = main.m; sourceTree = "<group>"; };
		613E7B7F1E8A3A0900643049 /* AppDelegate.h */ = {isa = PBXFileReference; lastKnownFileType = sourcecode.c.h; path = AppDelegate.h; sourceTree = "<group>"; };
		613E7B801E8A3A0900643049 /* AppDelegate.m */ = {isa = PBXFileReference; lastKnownFileType = sourcecode.c.objc; path = AppDelegate.m; sourceTree = "<group>"; };
		613E7B821E8A3A0900643049 /* ViewController.h */ = {isa = PBXFileReference; lastKnownFileType = sourcecode.c.h; path = ViewController.h; sourceTree = "<group>"; };
		613E7B831E8A3A0900643049 /* ViewController.m */ = {isa = PBXFileReference; lastKnownFileType = sourcecode.c.objc; path = ViewController.m; sourceTree = "<group>"; };
		613E7B861E8A3A0900643049 /* Base */ = {isa = PBXFileReference; lastKnownFileType = file.storyboard; name = Base; path = Base.lproj/Main.storyboard; sourceTree = "<group>"; };
		613E7B881E8A3A0900643049 /* Assets.xcassets */ = {isa = PBXFileReference; lastKnownFileType = folder.assetcatalog; path = Assets.xcassets; sourceTree = "<group>"; };
		613E7B8B1E8A3A0900643049 /* Base */ = {isa = PBXFileReference; lastKnownFileType = file.storyboard; name = Base; path = Base.lproj/LaunchScreen.storyboard; sourceTree = "<group>"; };
		613E7B8D1E8A3A0900643049 /* Info.plist */ = {isa = PBXFileReference; lastKnownFileType = text.plist.xml; path = Info.plist; sourceTree = "<group>"; };
		613E7B931E8A3A2900643049 /* WH_GLView.h */ = {isa = PBXFileReference; fileEncoding = 4; lastKnownFileType = sourcecode.c.h; path = WH_GLView.h; sourceTree = "<group>"; };
		613E7B941E8A3A2900643049 /* WH_GLView.m */ = {isa = PBXFileReference; fileEncoding = 4; lastKnownFileType = sourcecode.c.objc; path = WH_GLView.m; sourceTree = "<group>"; };
		613E7B961E8A3A5500643049 /* ver.glsl */ = {isa = PBXFileReference; fileEncoding = 4; lastKnownFileType = text; path = ver.glsl; sourceTree = "<group>"; };
		613E7B981E8A3A6100643049 /* frag.glsl */ = {isa = PBXFileReference; fileEncoding = 4; lastKnownFileType = text; path = frag.glsl; sourceTree = "<group>"; };
		613E7BB31E8A5F7B00643049 /* GLESMath.c */ = {isa = PBXFileReference; fileEncoding = 4; lastKnownFileType = sourcecode.c.c; path = GLESMath.c; sourceTree = "<group>"; };
		613E7BB41E8A5F7B00643049 /* GLESMath.h */ = {isa = PBXFileReference; fileEncoding = 4; lastKnownFileType = sourcecode.c.h; path = GLESMath.h; sourceTree = "<group>"; };
		613E7BB51E8A5F7B00643049 /* GLESUtils.h */ = {isa = PBXFileReference; fileEncoding = 4; lastKnownFileType = sourcecode.c.h; path = GLESUtils.h; sourceTree = "<group>"; };
		613E7BB61E8A5F7B00643049 /* GLESUtils.m */ = {isa = PBXFileReference; fileEncoding = 4; lastKnownFileType = sourcecode.c.objc; path = GLESUtils.m; sourceTree = "<group>"; };
		613E7BB71E8A5F7B00643049 /* Quaternion.h */ = {isa = PBXFileReference; fileEncoding = 4; lastKnownFileType = sourcecode.c.h; path = Quaternion.h; sourceTree = "<group>"; };
		613E7BB81E8A5F7B00643049 /* Vector.h */ = {isa = PBXFileReference; fileEncoding = 4; lastKnownFileType = sourcecode.c.h; path = Vector.h; sourceTree = "<group>"; };
		613E7BBB1E8A5FB600643049 /* 222 2.jpg */ = {isa = PBXFileReference; lastKnownFileType = image.jpeg; path = "222 2.jpg"; sourceTree = "<group>"; };
		613E7BBD1E8A5FC000643049 /* 11111.jpg */ = {isa = PBXFileReference; lastKnownFileType = image.jpeg; path = 11111.jpg; sourceTree = "<group>"; };
/* End PBXFileReference section */

/* Begin PBXFrameworksBuildPhase section */
		613E7B761E8A3A0900643049 /* Frameworks */ = {
			isa = PBXFrameworksBuildPhase;
			buildActionMask = 2147483647;
			files = (
			);
			runOnlyForDeploymentPostprocessing = 0;
		};
/* End PBXFrameworksBuildPhase section */

/* Begin PBXGroup section */
		613E7B701E8A3A0900643049 = {
			isa = PBXGroup;
			children = (
				613E7B7B1E8A3A0900643049 /* 4-Demo变换 */,
				613E7B7A1E8A3A0900643049 /* Products */,
			);
			sourceTree = "<group>";
		};
		613E7B7A1E8A3A0900643049 /* Products */ = {
			isa = PBXGroup;
			children = (
				613E7B791E8A3A0900643049 /* 4-Demo变换.app */,
			);
			name = Products;
			sourceTree = "<group>";
		};
		613E7B7B1E8A3A0900643049 /* 4-Demo变换 */ = {
			isa = PBXGroup;
			children = (
				612AFB181E94EDBA004BC47E /* 22222.jpg */,
				612AFAE21E9342AC004BC47E /* beetle.png */,
				613E7BBD1E8A5FC000643049 /* 11111.jpg */,
				613E7BBB1E8A5FB600643049 /* 222 2.jpg */,
				613E7BB21E8A5F7B00643049 /* Utils */,
				613E7B7F1E8A3A0900643049 /* AppDelegate.h */,
				613E7B801E8A3A0900643049 /* AppDelegate.m */,
				613E7B821E8A3A0900643049 /* ViewController.h */,
				613E7B831E8A3A0900643049 /* ViewController.m */,
				613E7B851E8A3A0900643049 /* Main.storyboard */,
				613E7B931E8A3A2900643049 /* WH_GLView.h */,
				613E7B941E8A3A2900643049 /* WH_GLView.m */,
				613E7B961E8A3A5500643049 /* ver.glsl */,
				613E7B981E8A3A6100643049 /* frag.glsl */,
				613E7B881E8A3A0900643049 /* Assets.xcassets */,
				613E7B8A1E8A3A0900643049 /* LaunchScreen.storyboard */,
				613E7B8D1E8A3A0900643049 /* Info.plist */,
				613E7B7C1E8A3A0900643049 /* Supporting Files */,
			);
			path = "4-Demo变换";
			sourceTree = "<group>";
		};
		613E7B7C1E8A3A0900643049 /* Supporting Files */ = {
			isa = PBXGroup;
			children = (
				613E7B7D1E8A3A0900643049 /* main.m */,
			);
			name = "Supporting Files";
			sourceTree = "<group>";
		};
		613E7BB21E8A5F7B00643049 /* Utils */ = {
			isa = PBXGroup;
			children = (
				613E7BB31E8A5F7B00643049 /* GLESMath.c */,
				613E7BB41E8A5F7B00643049 /* GLESMath.h */,
				613E7BB51E8A5F7B00643049 /* GLESUtils.h */,
				613E7BB61E8A5F7B00643049 /* GLESUtils.m */,
				613E7BB71E8A5F7B00643049 /* Quaternion.h */,
				613E7BB81E8A5F7B00643049 /* Vector.h */,
			);
			path = Utils;
			sourceTree = "<group>";
		};
/* End PBXGroup section */

/* Begin PBXNativeTarget section */
		613E7B781E8A3A0900643049 /* 4-Demo变换 */ = {
			isa = PBXNativeTarget;
			buildConfigurationList = 613E7B901E8A3A0900643049 /* Build configuration list for PBXNativeTarget "4-Demo变换" */;
			buildPhases = (
				613E7B751E8A3A0900643049 /* Sources */,
				613E7B761E8A3A0900643049 /* Frameworks */,
				613E7B771E8A3A0900643049 /* Resources */,
			);
			buildRules = (
			);
			dependencies = (
			);
			name = "4-Demo变换";
			productName = "4-Demo变换";
			productReference = 613E7B791E8A3A0900643049 /* 4-Demo变换.app */;
			productType = "com.apple.product-type.application";
		};
/* End PBXNativeTarget section */

/* Begin PBXProject section */
		613E7B711E8A3A0900643049 /* Project object */ = {
			isa = PBXProject;
			attributes = {
				LastUpgradeCheck = 0820;
				ORGANIZATIONNAME = Hiniu;
				TargetAttributes = {
					613E7B781E8A3A0900643049 = {
						CreatedOnToolsVersion = 8.2.1;
						DevelopmentTeam = 78RT5266P7;
						ProvisioningStyle = Automatic;
					};
				};
			};
			buildConfigurationList = 613E7B741E8A3A0900643049 /* Build configuration list for PBXProject "4-Demo变换" */;
			compatibilityVersion = "Xcode 3.2";
			developmentRegion = English;
			hasScannedForEncodings = 0;
			knownRegions = (
				en,
				Base,
			);
			mainGroup = 613E7B701E8A3A0900643049;
			productRefGroup = 613E7B7A1E8A3A0900643049 /* Products */;
			projectDirPath = "";
			projectRoot = "";
			targets = (
				613E7B781E8A3A0900643049 /* 4-Demo变换 */,
			);
		};
/* End PBXProject section */

/* Begin PBXResourcesBuildPhase section */
		613E7B771E8A3A0900643049 /* Resources */ = {
			isa = PBXResourcesBuildPhase;
			buildActionMask = 2147483647;
			files = (
				613E7B8C1E8A3A0900643049 /* LaunchScreen.storyboard in Resources */,
				613E7B971E8A3A5500643049 /* ver.glsl in Resources */,
				613E7BBE1E8A5FC000643049 /* 11111.jpg in Resources */,
				613E7B891E8A3A0900643049 /* Assets.xcassets in Resources */,
				612AFB191E94EDBA004BC47E /* 22222.jpg in Resources */,
				613E7B991E8A3A6100643049 /* frag.glsl in Resources */,
				613E7BBC1E8A5FB600643049 /* 222 2.jpg in Resources */,
				612AFAE31E9342AC004BC47E /* beetle.png in Resources */,
				613E7B871E8A3A0900643049 /* Main.storyboard in Resources */,
			);
			runOnlyForDeploymentPostprocessing = 0;
		};
/* End PBXResourcesBuildPhase section */

/* Begin PBXSourcesBuildPhase section */
		613E7B751E8A3A0900643049 /* Sources */ = {
			isa = PBXSourcesBuildPhase;
			buildActionMask = 2147483647;
			files = (
				613E7B841E8A3A0900643049 /* ViewController.m in Sources */,
				613E7B811E8A3A0900643049 /* AppDelegate.m in Sources */,
				613E7BB91E8A5F7B00643049 /* GLESMath.c in Sources */,
				613E7B951E8A3A2900643049 /* WH_GLView.m in Sources */,
				613E7BBA1E8A5F7B00643049 /* GLESUtils.m in Sources */,
				613E7B7E1E8A3A0900643049 /* main.m in Sources */,
			);
			runOnlyForDeploymentPostprocessing = 0;
		};
/* End PBXSourcesBuildPhase section */

/* Begin PBXVariantGroup section */
		613E7B851E8A3A0900643049 /* Main.storyboard */ = {
			isa = PBXVariantGroup;
			children = (
				613E7B861E8A3A0900643049 /* Base */,
			);
			name = Main.storyboard;
			sourceTree = "<group>";
		};
		613E7B8A1E8A3A0900643049 /* LaunchScreen.storyboard */ = {
			isa = PBXVariantGroup;
			children = (
				613E7B8B1E8A3A0900643049 /* Base */,
			);
			name = LaunchScreen.storyboard;
			sourceTree = "<group>";
		};
/* End PBXVariantGroup section */

/* Begin XCBuildConfiguration section */
		613E7B8E1E8A3A0900643049 /* Debug */ = {
			isa = XCBuildConfiguration;
			buildSettings = {
				ALWAYS_SEARCH_USER_PATHS = NO;
				CLANG_ANALYZER_NONNULL = YES;
				CLANG_CXX_LANGUAGE_STANDARD = "gnu++0x";
				CLANG_CXX_LIBRARY = "libc++";
				CLANG_ENABLE_MODULES = YES;
				CLANG_ENABLE_OBJC_ARC = YES;
				CLANG_WARN_BOOL_CONVERSION = YES;
				CLANG_WARN_CONSTANT_CONVERSION = YES;
				CLANG_WARN_DIRECT_OBJC_ISA_USAGE = YES_ERROR;
				CLANG_WARN_DOCUMENTATION_COMMENTS = YES;
				CLANG_WARN_EMPTY_BODY = YES;
				CLANG_WARN_ENUM_CONVERSION = YES;
				CLANG_WARN_INFINITE_RECURSION = YES;
				CLANG_WARN_INT_CONVERSION = YES;
				CLANG_WARN_OBJC_ROOT_CLASS = YES_ERROR;
				CLANG_WARN_SUSPICIOUS_MOVE = YES;
				CLANG_WARN_UNREACHABLE_CODE = YES;
				CLANG_WARN__DUPLICATE_METHOD_MATCH = YES;
				"CODE_SIGN_IDENTITY[sdk=iphoneos*]" = "iPhone Developer";
				COPY_PHASE_STRIP = NO;
				DEBUG_INFORMATION_FORMAT = dwarf;
				ENABLE_STRICT_OBJC_MSGSEND = YES;
				ENABLE_TESTABILITY = YES;
				GCC_C_LANGUAGE_STANDARD = gnu99;
				GCC_DYNAMIC_NO_PIC = NO;
				GCC_NO_COMMON_BLOCKS = YES;
				GCC_OPTIMIZATION_LEVEL = 0;
				GCC_PREPROCESSOR_DEFINITIONS = (
					"DEBUG=1",
					"$(inherited)",
				);
				GCC_WARN_64_TO_32_BIT_CONVERSION = YES;
				GCC_WARN_ABOUT_RETURN_TYPE = YES_ERROR;
				GCC_WARN_UNDECLARED_SELECTOR = YES;
				GCC_WARN_UNINITIALIZED_AUTOS = YES_AGGRESSIVE;
				GCC_WARN_UNUSED_FUNCTION = YES;
				GCC_WARN_UNUSED_VARIABLE = YES;
				IPHONEOS_DEPLOYMENT_TARGET = 10.2;
				MTL_ENABLE_DEBUG_INFO = YES;
				ONLY_ACTIVE_ARCH = YES;
				SDKROOT = iphoneos;
				TARGETED_DEVICE_FAMILY = "1,2";
			};
			name = Debug;
		};
		613E7B8F1E8A3A0900643049 /* Release */ = {
			isa = XCBuildConfiguration;
			buildSettings = {
				ALWAYS_SEARCH_USER_PATHS = NO;
				CLANG_ANALYZER_NONNULL = YES;
				CLANG_CXX_LANGUAGE_STANDARD = "gnu++0x";
				CLANG_CXX_LIBRARY = "libc++";
				CLANG_ENABLE_MODULES = YES;
				CLANG_ENABLE_OBJC_ARC = YES;
				CLANG_WARN_BOOL_CONVERSION = YES;
				CLANG_WARN_CONSTANT_CONVERSION = YES;
				CLANG_WARN_DIRECT_OBJC_ISA_USAGE = YES_ERROR;
				CLANG_WARN_DOCUMENTATION_COMMENTS = YES;
				CLANG_WARN_EMPTY_BODY = YES;
				CLANG_WARN_ENUM_CONVERSION = YES;
				CLANG_WARN_INFINITE_RECURSION = YES;
				CLANG_WARN_INT_CONVERSION = YES;
				CLANG_WARN_OBJC_ROOT_CLASS = YES_ERROR;
				CLANG_WARN_SUSPICIOUS_MOVE = YES;
				CLANG_WARN_UNREACHABLE_CODE = YES;
				CLANG_WARN__DUPLICATE_METHOD_MATCH = YES;
				"CODE_SIGN_IDENTITY[sdk=iphoneos*]" = "iPhone Developer";
				COPY_PHASE_STRIP = NO;
				DEBUG_INFORMATION_FORMAT = "dwarf-with-dsym";
				ENABLE_NS_ASSERTIONS = NO;
				ENABLE_STRICT_OBJC_MSGSEND = YES;
				GCC_C_LANGUAGE_STANDARD = gnu99;
				GCC_NO_COMMON_BLOCKS = YES;
				GCC_WARN_64_TO_32_BIT_CONVERSION = YES;
				GCC_WARN_ABOUT_RETURN_TYPE = YES_ERROR;
				GCC_WARN_UNDECLARED_SELECTOR = YES;
				GCC_WARN_UNINITIALIZED_AUTOS = YES_AGGRESSIVE;
				GCC_WARN_UNUSED_FUNCTION = YES;
				GCC_WARN_UNUSED_VARIABLE = YES;
				IPHONEOS_DEPLOYMENT_TARGET = 10.2;
				MTL_ENABLE_DEBUG_INFO = NO;
				SDKROOT = iphoneos;
				TARGETED_DEVICE_FAMILY = "1,2";
				VALIDATE_PRODUCT = YES;
			};
			name = Release;
		};
		613E7B911E8A3A0900643049 /* Debug */ = {
			isa = XCBuildConfiguration;
			buildSettings = {
				ASSETCATALOG_COMPILER_APPICON_NAME = AppIcon;
				DEVELOPMENT_TEAM = 78RT5266P7;
				INFOPLIST_FILE = "4-Demo变换/Info.plist";
				LD_RUNPATH_SEARCH_PATHS = "$(inherited) @executable_path/Frameworks";
				PRODUCT_BUNDLE_IDENTIFIER = "hiniu.cn.--Demo--";
				PRODUCT_NAME = "$(TARGET_NAME)";
			};
			name = Debug;
		};
		613E7B921E8A3A0900643049 /* Release */ = {
			isa = XCBuildConfiguration;
			buildSettings = {
				ASSETCATALOG_COMPILER_APPICON_NAME = AppIcon;
				DEVELOPMENT_TEAM = 78RT5266P7;
				INFOPLIST_FILE = "4-Demo变换/Info.plist";
				LD_RUNPATH_SEARCH_PATHS = "$(inherited) @executable_path/Frameworks";
				PRODUCT_BUNDLE_IDENTIFIER = "hiniu.cn.--Demo--";
				PRODUCT_NAME = "$(TARGET_NAME)";
			};
			name = Release;
		};
/* End XCBuildConfiguration section */

/* Begin XCConfigurationList section */
		613E7B741E8A3A0900643049 /* Build configuration list for PBXProject "4-Demo变换" */ = {
			isa = XCConfigurationList;
			buildConfigurations = (
				613E7B8E1E8A3A0900643049 /* Debug */,
				613E7B8F1E8A3A0900643049 /* Release */,
			);
			defaultConfigurationIsVisible = 0;
			defaultConfigurationName = Release;
		};
		613E7B901E8A3A0900643049 /* Build configuration list for PBXNativeTarget "4-Demo变换" */ = {
			isa = XCConfigurationList;
			buildConfigurations = (
				613E7B911E8A3A0900643049 /* Debug */,
				613E7B921E8A3A0900643049 /* Release */,
			);
			defaultConfigurationIsVisible = 0;
			defaultConfigurationName = Release;
		};
/* End XCConfigurationList section */
	};
	rootObject = 613E7B711E8A3A0900643049 /* Project object */;
}
