// !$*UTF8*$!
{
	archiveVersion = 1;
	classes = {
	};
	objectVersion = 46;
	objects = {

/* Begin PBXBuildFile section */
		612AFAFB1E948B7C004BC47E /* main.m in Sources */ = {isa = PBXBuildFile; fileRef = 612AFAFA1E948B7C004BC47E /* main.m */; };
		612AFAFE1E948B7C004BC47E /* AppDelegate.m in Sources */ = {isa = PBXBuildFile; fileRef = 612AFAFD1E948B7C004BC47E /* AppDelegate.m */; };
		612AFB011E948B7C004BC47E /* ViewController.m in Sources */ = {isa = PBXBuildFile; fileRef = 612AFB001E948B7C004BC47E /* ViewController.m */; };
		612AFB041E948B7C004BC47E /* Main.storyboard in Resources */ = {isa = PBXBuildFile; fileRef = 612AFB021E948B7C004BC47E /* Main.storyboard */; };
		612AFB061E948B7C004BC47E /* Assets.xcassets in Resources */ = {isa = PBXBuildFile; fileRef = 612AFB051E948B7C004BC47E /* Assets.xcassets */; };
		612AFB091E948B7C004BC47E /* LaunchScreen.storyboard in Resources */ = {isa = PBXBuildFile; fileRef = 612AFB071E948B7C004BC47E /* LaunchScreen.storyboard */; };
		612AFB121E948D23004BC47E /* WH_OpenGlHander.m in Sources */ = {isa = PBXBuildFile; fileRef = 612AFB111E948D23004BC47E /* WH_OpenGlHander.m */; };
		612AFB151E948D48004BC47E /* TrangLightHander.m in Sources */ = {isa = PBXBuildFile; fileRef = 612AFB141E948D48004BC47E /* TrangLightHander.m */; };
		612AFB171E949F52004BC47E /* 2222.jpg in Resources */ = {isa = PBXBuildFile; fileRef = 612AFB161E949F52004BC47E /* 2222.jpg */; };
/* End PBXBuildFile section */

/* Begin PBXFileReference section */
		612AFAF61E948B7C004BC47E /* 6.1-Demo 光照.app */ = {isa = PBXFileReference; explicitFileType = wrapper.application; includeInIndex = 0; path = "6.1-Demo 光照.app"; sourceTree = BUILT_PRODUCTS_DIR; };
		612AFAFA1E948B7C004BC47E /* main.m */ = {isa = PBXFileReference; lastKnownFileType = sourcecode.c.objc; path = main.m; sourceTree = "<group>"; };
		612AFAFC1E948B7C004BC47E /* AppDelegate.h */ = {isa = PBXFileReference; lastKnownFileType = sourcecode.c.h; path = AppDelegate.h; sourceTree = "<group>"; };
		612AFAFD1E948B7C004BC47E /* AppDelegate.m */ = {isa = PBXFileReference; lastKnownFileType = sourcecode.c.objc; path = AppDelegate.m; sourceTree = "<group>"; };
		612AFAFF1E948B7C004BC47E /* ViewController.h */ = {isa = PBXFileReference; lastKnownFileType = sourcecode.c.h; path = ViewController.h; sourceTree = "<group>"; };
		612AFB001E948B7C004BC47E /* ViewController.m */ = {isa = PBXFileReference; lastKnownFileType = sourcecode.c.objc; path = ViewController.m; sourceTree = "<group>"; };
		612AFB031E948B7C004BC47E /* Base */ = {isa = PBXFileReference; lastKnownFileType = file.storyboard; name = Base; path = Base.lproj/Main.storyboard; sourceTree = "<group>"; };
		612AFB051E948B7C004BC47E /* Assets.xcassets */ = {isa = PBXFileReference; lastKnownFileType = folder.assetcatalog; path = Assets.xcassets; sourceTree = "<group>"; };
		612AFB081E948B7C004BC47E /* Base */ = {isa = PBXFileReference; lastKnownFileType = file.storyboard; name = Base; path = Base.lproj/LaunchScreen.storyboard; sourceTree = "<group>"; };
		612AFB0A1E948B7C004BC47E /* Info.plist */ = {isa = PBXFileReference; lastKnownFileType = text.plist.xml; path = Info.plist; sourceTree = "<group>"; };
		612AFB101E948D23004BC47E /* WH_OpenGlHander.h */ = {isa = PBXFileReference; fileEncoding = 4; lastKnownFileType = sourcecode.c.h; path = WH_OpenGlHander.h; sourceTree = "<group>"; };
		612AFB111E948D23004BC47E /* WH_OpenGlHander.m */ = {isa = PBXFileReference; fileEncoding = 4; lastKnownFileType = sourcecode.c.objc; path = WH_OpenGlHander.m; sourceTree = "<group>"; };
		612AFB131E948D48004BC47E /* TrangLightHander.h */ = {isa = PBXFileReference; fileEncoding = 4; lastKnownFileType = sourcecode.c.h; path = TrangLightHander.h; sourceTree = "<group>"; };
		612AFB141E948D48004BC47E /* TrangLightHander.m */ = {isa = PBXFileReference; fileEncoding = 4; lastKnownFileType = sourcecode.c.objc; path = TrangLightHander.m; sourceTree = "<group>"; };
		612AFB161E949F52004BC47E /* 2222.jpg */ = {isa = PBXFileReference; lastKnownFileType = image.jpeg; path = 2222.jpg; sourceTree = "<group>"; };
/* End PBXFileReference section */

/* Begin PBXFrameworksBuildPhase section */
		612AFAF31E948B7C004BC47E /* Frameworks */ = {
			isa = PBXFrameworksBuildPhase;
			buildActionMask = 2147483647;
			files = (
			);
			runOnlyForDeploymentPostprocessing = 0;
		};
/* End PBXFrameworksBuildPhase section */

/* Begin PBXGroup section */
		612AFAED1E948B7C004BC47E = {
			isa = PBXGroup;
			children = (
				612AFAF81E948B7C004BC47E /* 6.1-Demo 光照 */,
				612AFAF71E948B7C004BC47E /* Products */,
			);
			sourceTree = "<group>";
		};
		612AFAF71E948B7C004BC47E /* Products */ = {
			isa = PBXGroup;
			children = (
				612AFAF61E948B7C004BC47E /* 6.1-Demo 光照.app */,
			);
			name = Products;
			sourceTree = "<group>";
		};
		612AFAF81E948B7C004BC47E /* 6.1-Demo 光照 */ = {
			isa = PBXGroup;
			children = (
				612AFB161E949F52004BC47E /* 2222.jpg */,
				612AFB101E948D23004BC47E /* WH_OpenGlHander.h */,
				612AFB111E948D23004BC47E /* WH_OpenGlHander.m */,
				612AFAFC1E948B7C004BC47E /* AppDelegate.h */,
				612AFAFD1E948B7C004BC47E /* AppDelegate.m */,
				612AFAFF1E948B7C004BC47E /* ViewController.h */,
				612AFB001E948B7C004BC47E /* ViewController.m */,
				612AFB131E948D48004BC47E /* TrangLightHander.h */,
				612AFB141E948D48004BC47E /* TrangLightHander.m */,
				612AFB021E948B7C004BC47E /* Main.storyboard */,
				612AFB051E948B7C004BC47E /* Assets.xcassets */,
				612AFB071E948B7C004BC47E /* LaunchScreen.storyboard */,
				612AFB0A1E948B7C004BC47E /* Info.plist */,
				612AFAF91E948B7C004BC47E /* Supporting Files */,
			);
			path = "6.1-Demo 光照";
			sourceTree = "<group>";
		};
		612AFAF91E948B7C004BC47E /* Supporting Files */ = {
			isa = PBXGroup;
			children = (
				612AFAFA1E948B7C004BC47E /* main.m */,
			);
			name = "Supporting Files";
			sourceTree = "<group>";
		};
/* End PBXGroup section */

/* Begin PBXNativeTarget section */
		612AFAF51E948B7C004BC47E /* 6.1-Demo 光照 */ = {
			isa = PBXNativeTarget;
			buildConfigurationList = 612AFB0D1E948B7C004BC47E /* Build configuration list for PBXNativeTarget "6.1-Demo 光照" */;
			buildPhases = (
				612AFAF21E948B7C004BC47E /* Sources */,
				612AFAF31E948B7C004BC47E /* Frameworks */,
				612AFAF41E948B7C004BC47E /* Resources */,
			);
			buildRules = (
			);
			dependencies = (
			);
			name = "6.1-Demo 光照";
			productName = "6.1-Demo 光照";
			productReference = 612AFAF61E948B7C004BC47E /* 6.1-Demo 光照.app */;
			productType = "com.apple.product-type.application";
		};
/* End PBXNativeTarget section */

/* Begin PBXProject section */
		612AFAEE1E948B7C004BC47E /* Project object */ = {
			isa = PBXProject;
			attributes = {
				LastUpgradeCheck = 0820;
				ORGANIZATIONNAME = Hiniu;
				TargetAttributes = {
					612AFAF51E948B7C004BC47E = {
						CreatedOnToolsVersion = 8.2.1;
						ProvisioningStyle = Automatic;
					};
				};
			};
			buildConfigurationList = 612AFAF11E948B7C004BC47E /* Build configuration list for PBXProject "6.1-Demo 光照" */;
			compatibilityVersion = "Xcode 3.2";
			developmentRegion = English;
			hasScannedForEncodings = 0;
			knownRegions = (
				en,
				Base,
			);
			mainGroup = 612AFAED1E948B7C004BC47E;
			productRefGroup = 612AFAF71E948B7C004BC47E /* Products */;
			projectDirPath = "";
			projectRoot = "";
			targets = (
				612AFAF51E948B7C004BC47E /* 6.1-Demo 光照 */,
			);
		};
/* End PBXProject section */

/* Begin PBXResourcesBuildPhase section */
		612AFAF41E948B7C004BC47E /* Resources */ = {
			isa = PBXResourcesBuildPhase;
			buildActionMask = 2147483647;
			files = (
				612AFB171E949F52004BC47E /* 2222.jpg in Resources */,
				612AFB091E948B7C004BC47E /* LaunchScreen.storyboard in Resources */,
				612AFB061E948B7C004BC47E /* Assets.xcassets in Resources */,
				612AFB041E948B7C004BC47E /* Main.storyboard in Resources */,
			);
			runOnlyForDeploymentPostprocessing = 0;
		};
/* End PBXResourcesBuildPhase section */

/* Begin PBXSourcesBuildPhase section */
		612AFAF21E948B7C004BC47E /* Sources */ = {
			isa = PBXSourcesBuildPhase;
			buildActionMask = 2147483647;
			files = (
				612AFB011E948B7C004BC47E /* ViewController.m in Sources */,
				612AFB121E948D23004BC47E /* WH_OpenGlHander.m in Sources */,
				612AFB151E948D48004BC47E /* TrangLightHander.m in Sources */,
				612AFAFE1E948B7C004BC47E /* AppDelegate.m in Sources */,
				612AFAFB1E948B7C004BC47E /* main.m in Sources */,
			);
			runOnlyForDeploymentPostprocessing = 0;
		};
/* End PBXSourcesBuildPhase section */

/* Begin PBXVariantGroup section */
		612AFB021E948B7C004BC47E /* Main.storyboard */ = {
			isa = PBXVariantGroup;
			children = (
				612AFB031E948B7C004BC47E /* Base */,
			);
			name = Main.storyboard;
			sourceTree = "<group>";
		};
		612AFB071E948B7C004BC47E /* LaunchScreen.storyboard */ = {
			isa = PBXVariantGroup;
			children = (
				612AFB081E948B7C004BC47E /* Base */,
			);
			name = LaunchScreen.storyboard;
			sourceTree = "<group>";
		};
/* End PBXVariantGroup section */

/* Begin XCBuildConfiguration section */
		612AFB0B1E948B7C004BC47E /* Debug */ = {
			isa = XCBuildConfiguration;
			buildSettings = {
				ALWAYS_SEARCH_USER_PATHS = NO;
				CLANG_ANALYZER_NONNULL = YES;
				CLANG_CXX_LANGUAGE_STANDARD = "gnu++0x";
				CLANG_CXX_LIBRARY = "libc++";
				CLANG_ENABLE_MODULES = YES;
				CLANG_ENABLE_OBJC_ARC = YES;
				CLANG_WARN_BOOL_CONVERSION = YES;
				CLANG_WARN_CONSTANT_CONVERSION = YES;
				CLANG_WARN_DIRECT_OBJC_ISA_USAGE = YES_ERROR;
				CLANG_WARN_DOCUMENTATION_COMMENTS = YES;
				CLANG_WARN_EMPTY_BODY = YES;
				CLANG_WARN_ENUM_CONVERSION = YES;
				CLANG_WARN_INFINITE_RECURSION = YES;
				CLANG_WARN_INT_CONVERSION = YES;
				CLANG_WARN_OBJC_ROOT_CLASS = YES_ERROR;
				CLANG_WARN_SUSPICIOUS_MOVE = YES;
				CLANG_WARN_UNREACHABLE_CODE = YES;
				CLANG_WARN__DUPLICATE_METHOD_MATCH = YES;
				"CODE_SIGN_IDENTITY[sdk=iphoneos*]" = "iPhone Developer";
				COPY_PHASE_STRIP = NO;
				DEBUG_INFORMATION_FORMAT = dwarf;
				ENABLE_STRICT_OBJC_MSGSEND = YES;
				ENABLE_TESTABILITY = YES;
				GCC_C_LANGUAGE_STANDARD = gnu99;
				GCC_DYNAMIC_NO_PIC = NO;
				GCC_NO_COMMON_BLOCKS = YES;
				GCC_OPTIMIZATION_LEVEL = 0;
				GCC_PREPROCESSOR_DEFINITIONS = (
					"DEBUG=1",
					"$(inherited)",
				);
				GCC_WARN_64_TO_32_BIT_CONVERSION = YES;
				GCC_WARN_ABOUT_RETURN_TYPE = YES_ERROR;
				GCC_WARN_UNDECLARED_SELECTOR = YES;
				GCC_WARN_UNINITIALIZED_AUTOS = YES_AGGRESSIVE;
				GCC_WARN_UNUSED_FUNCTION = YES;
				GCC_WARN_UNUSED_VARIABLE = YES;
				IPHONEOS_DEPLOYMENT_TARGET = 10.2;
				MTL_ENABLE_DEBUG_INFO = YES;
				ONLY_ACTIVE_ARCH = YES;
				SDKROOT = iphoneos;
				TARGETED_DEVICE_FAMILY = "1,2";
			};
			name = Debug;
		};
		612AFB0C1E948B7C004BC47E /* Release */ = {
			isa = XCBuildConfiguration;
			buildSettings = {
				ALWAYS_SEARCH_USER_PATHS = NO;
				CLANG_ANALYZER_NONNULL = YES;
				CLANG_CXX_LANGUAGE_STANDARD = "gnu++0x";
				CLANG_CXX_LIBRARY = "libc++";
				CLANG_ENABLE_MODULES = YES;
				CLANG_ENABLE_OBJC_ARC = YES;
				CLANG_WARN_BOOL_CONVERSION = YES;
				CLANG_WARN_CONSTANT_CONVERSION = YES;
				CLANG_WARN_DIRECT_OBJC_ISA_USAGE = YES_ERROR;
				CLANG_WARN_DOCUMENTATION_COMMENTS = YES;
				CLANG_WARN_EMPTY_BODY = YES;
				CLANG_WARN_ENUM_CONVERSION = YES;
				CLANG_WARN_INFINITE_RECURSION = YES;
				CLANG_WARN_INT_CONVERSION = YES;
				CLANG_WARN_OBJC_ROOT_CLASS = YES_ERROR;
				CLANG_WARN_SUSPICIOUS_MOVE = YES;
				CLANG_WARN_UNREACHABLE_CODE = YES;
				CLANG_WARN__DUPLICATE_METHOD_MATCH = YES;
				"CODE_SIGN_IDENTITY[sdk=iphoneos*]" = "iPhone Developer";
				COPY_PHASE_STRIP = NO;
				DEBUG_INFORMATION_FORMAT = "dwarf-with-dsym";
				ENABLE_NS_ASSERTIONS = NO;
				ENABLE_STRICT_OBJC_MSGSEND = YES;
				GCC_C_LANGUAGE_STANDARD = gnu99;
				GCC_NO_COMMON_BLOCKS = YES;
				GCC_WARN_64_TO_32_BIT_CONVERSION = YES;
				GCC_WARN_ABOUT_RETURN_TYPE = YES_ERROR;
				GCC_WARN_UNDECLARED_SELECTOR = YES;
				GCC_WARN_UNINITIALIZED_AUTOS = YES_AGGRESSIVE;
				GCC_WARN_UNUSED_FUNCTION = YES;
				GCC_WARN_UNUSED_VARIABLE = YES;
				IPHONEOS_DEPLOYMENT_TARGET = 10.2;
				MTL_ENABLE_DEBUG_INFO = NO;
				SDKROOT = iphoneos;
				TARGETED_DEVICE_FAMILY = "1,2";
				VALIDATE_PRODUCT = YES;
			};
			name = Release;
		};
		612AFB0E1E948B7C004BC47E /* Debug */ = {
			isa = XCBuildConfiguration;
			buildSettings = {
				ASSETCATALOG_COMPILER_APPICON_NAME = AppIcon;
				INFOPLIST_FILE = "6.1-Demo 光照/Info.plist";
				LD_RUNPATH_SEARCH_PATHS = "$(inherited) @executable_path/Frameworks";
				PRODUCT_BUNDLE_IDENTIFIER = "hiniu.cn.--1-Demo---";
				PRODUCT_NAME = "$(TARGET_NAME)";
			};
			name = Debug;
		};
		612AFB0F1E948B7C004BC47E /* Release */ = {
			isa = XCBuildConfiguration;
			buildSettings = {
				ASSETCATALOG_COMPILER_APPICON_NAME = AppIcon;
				INFOPLIST_FILE = "6.1-Demo 光照/Info.plist";
				LD_RUNPATH_SEARCH_PATHS = "$(inherited) @executable_path/Frameworks";
				PRODUCT_BUNDLE_IDENTIFIER = "hiniu.cn.--1-Demo---";
				PRODUCT_NAME = "$(TARGET_NAME)";
			};
			name = Release;
		};
/* End XCBuildConfiguration section */

/* Begin XCConfigurationList section */
		612AFAF11E948B7C004BC47E /* Build configuration list for PBXProject "6.1-Demo 光照" */ = {
			isa = XCConfigurationList;
			buildConfigurations = (
				612AFB0B1E948B7C004BC47E /* Debug */,
				612AFB0C1E948B7C004BC47E /* Release */,
			);
			defaultConfigurationIsVisible = 0;
			defaultConfigurationName = Release;
		};
		612AFB0D1E948B7C004BC47E /* Build configuration list for PBXNativeTarget "6.1-Demo 光照" */ = {
			isa = XCConfigurationList;
			buildConfigurations = (
				612AFB0E1E948B7C004BC47E /* Debug */,
				612AFB0F1E948B7C004BC47E /* Release */,
			);
			defaultConfigurationIsVisible = 0;
		};
/* End XCConfigurationList section */
	};
	rootObject = 612AFAEE1E948B7C004BC47E /* Project object */;
}
